
Microsoft Visual Studio Solution File, Format Version 12.00
# Visual Studio Version 17
VisualStudioVersion = 17.11.35312.102
MinimumVisualStudioVersion = 10.0.40219.1
Project("{FAE04EC0-301F-11D3-BF4B-00C04F79EFBC}") = "Presentation", "Presentation\Presentation.csproj", "{3A55A837-1C36-4992-8AD0-27DA5801A5E8}"
EndProject
Project("{FAE04EC0-301F-11D3-BF4B-00C04F79EFBC}") = "BusinessLogicLayer", "BusinessLogicLayer\BusinessLogicLayer.csproj", "{7104A38E-610F-46B2-A54C-4E10C9ABAC15}"
EndProject
Project("{FAE04EC0-301F-11D3-BF4B-00C04F79EFBC}") = "DataAccessLayer", "DataAccessLayer\DataAccessLayer.csproj", "{A8633AF4-F1C4-4358-8D27-D0598EB4B559}"
EndProject
Project("{FAE04EC0-301F-11D3-BF4B-00C04F79EFBC}") = "Entities", "Entities\Entities.csproj", "{A3E3F90F-3F98-4677-BE76-39F170A22809}"
EndProject
Global
	GlobalSection(SolutionConfigurationPlatforms) = preSolution
		Debug|Any CPU = Debug|Any CPU
		Release|Any CPU = Release|Any CPU
	EndGlobalSection
	GlobalSection(ProjectConfigurationPlatforms) = postSolution
		{3A55A837-1C36-4992-8AD0-27DA5801A5E8}.Debug|Any CPU.ActiveCfg = Debug|Any CPU
		{3A55A837-1C36-4992-8AD0-27DA5801A5E8}.Debug|Any CPU.Build.0 = Debug|Any CPU
		{3A55A837-1C36-4992-8AD0-27DA5801A5E8}.Release|Any CPU.ActiveCfg = Release|Any CPU
		{3A55A837-1C36-4992-8AD0-27DA5801A5E8}.Release|Any CPU.Build.0 = Release|Any CPU
		{7104A38E-610F-46B2-A54C-4E10C9ABAC15}.Debug|Any CPU.ActiveCfg = Debug|Any CPU
		{7104A38E-610F-46B2-A54C-4E10C9ABAC15}.Debug|Any CPU.Build.0 = Debug|Any CPU
		{7104A38E-610F-46B2-A54C-4E10C9ABAC15}.Release|Any CPU.ActiveCfg = Release|Any CPU
		{7104A38E-610F-46B2-A54C-4E10C9ABAC15}.Release|Any CPU.Build.0 = Release|Any CPU
		{A8633AF4-F1C4-4358-8D27-D0598EB4B559}.Debug|Any CPU.ActiveCfg = Debug|Any CPU
		{A8633AF4-F1C4-4358-8D27-D0598EB4B559}.Debug|Any CPU.Build.0 = Debug|Any CPU
		{A8633AF4-F1C4-4358-8D27-D0598EB4B559}.Release|Any CPU.ActiveCfg = Release|Any CPU
		{A8633AF4-F1C4-4358-8D27-D0598EB4B559}.Release|Any CPU.Build.0 = Release|Any CPU
		{A3E3F90F-3F98-4677-BE76-39F170A22809}.Debug|Any CPU.ActiveCfg = Debug|Any CPU
		{A3E3F90F-3F98-4677-BE76-39F170A22809}.Debug|Any CPU.Build.0 = Debug|Any CPU
		{A3E3F90F-3F98-4677-BE76-39F170A22809}.Release|Any CPU.ActiveCfg = Release|Any CPU
		{A3E3F90F-3F98-4677-BE76-39F170A22809}.Release|Any CPU.Build.0 = Release|Any CPU
	EndGlobalSection
	GlobalSection(SolutionProperties) = preSolution
		HideSolutionNode = FALSE
	EndGlobalSection
	GlobalSection(ExtensibilityGlobals) = postSolution
		SolutionGuid = {DC52ED7F-75A3-4CDF-AB08-CA8DB3CDAB12}
	EndGlobalSection
EndGlobal
